{
  "name": "skynet-aviation",
  "version": "1.0.0",
  "description": "Global Aviation Logistics System",
  "main": "src/main.js",
  "scripts": {
    "start": "node src/main.js",
    "test": "node test/run-all-tests.js"
  },
  "keywords": [
    "graph",
    "queue",
    "stack",
    "algorithms"
  ],
  "author": "Your Name",
  "license": "MIT"
}